
Microsoft Visual Studio Solution File, Format Version 12.00
# Visual Studio Version 16
VisualStudioVersion = 16.0.30320.27
MinimumVisualStudioVersion = 10.0.40219.1
Project("{9A19103F-16F7-4668-BE54-9A1E7A4F7556}") = "LoginJwt", "LoginJwt\LoginJwt.csproj", "{FEB7CD49-79A1-4244-8C92-6D0792910BB1}"
EndProject
Project("{9A19103F-16F7-4668-BE54-9A1E7A4F7556}") = "ViewModels", "ViewModels\ViewModels.csproj", "{C6EBDE35-7E97-416C-82DB-CF412D003A20}"
EndProject
Project("{FAE04EC0-301F-11D3-BF4B-00C04F79EFBC}") = "DomainModels", "DomainModels\DomainModels.csproj", "{D0DB9C75-F614-4A56-A518-77C37DA2BDC7}"
EndProject
Project("{FAE04EC0-301F-11D3-BF4B-00C04F79EFBC}") = "DataLayer", "DataLayer\DataLayer.csproj", "{40DA812B-1738-458C-A56F-94F99E108A80}"
EndProject
Project("{FAE04EC0-301F-11D3-BF4B-00C04F79EFBC}") = "ServiceLayer", "ServiceLayer\ServiceLayer.csproj", "{CB6C9028-ABB0-4F00-812E-DDB99C67665C}"
EndProject
Global
	GlobalSection(SolutionConfigurationPlatforms) = preSolution
		Debug|Any CPU = Debug|Any CPU
		Release|Any CPU = Release|Any CPU
	EndGlobalSection
	GlobalSection(ProjectConfigurationPlatforms) = postSolution
		{FEB7CD49-79A1-4244-8C92-6D0792910BB1}.Debug|Any CPU.ActiveCfg = Debug|Any CPU
		{FEB7CD49-79A1-4244-8C92-6D0792910BB1}.Debug|Any CPU.Build.0 = Debug|Any CPU
		{FEB7CD49-79A1-4244-8C92-6D0792910BB1}.Release|Any CPU.ActiveCfg = Release|Any CPU
		{FEB7CD49-79A1-4244-8C92-6D0792910BB1}.Release|Any CPU.Build.0 = Release|Any CPU
		{C6EBDE35-7E97-416C-82DB-CF412D003A20}.Debug|Any CPU.ActiveCfg = Debug|Any CPU
		{C6EBDE35-7E97-416C-82DB-CF412D003A20}.Debug|Any CPU.Build.0 = Debug|Any CPU
		{C6EBDE35-7E97-416C-82DB-CF412D003A20}.Release|Any CPU.ActiveCfg = Release|Any CPU
		{C6EBDE35-7E97-416C-82DB-CF412D003A20}.Release|Any CPU.Build.0 = Release|Any CPU
		{D0DB9C75-F614-4A56-A518-77C37DA2BDC7}.Debug|Any CPU.ActiveCfg = Debug|Any CPU
		{D0DB9C75-F614-4A56-A518-77C37DA2BDC7}.Debug|Any CPU.Build.0 = Debug|Any CPU
		{D0DB9C75-F614-4A56-A518-77C37DA2BDC7}.Release|Any CPU.ActiveCfg = Release|Any CPU
		{D0DB9C75-F614-4A56-A518-77C37DA2BDC7}.Release|Any CPU.Build.0 = Release|Any CPU
		{40DA812B-1738-458C-A56F-94F99E108A80}.Debug|Any CPU.ActiveCfg = Debug|Any CPU
		{40DA812B-1738-458C-A56F-94F99E108A80}.Debug|Any CPU.Build.0 = Debug|Any CPU
		{40DA812B-1738-458C-A56F-94F99E108A80}.Release|Any CPU.ActiveCfg = Release|Any CPU
		{40DA812B-1738-458C-A56F-94F99E108A80}.Release|Any CPU.Build.0 = Release|Any CPU
		{CB6C9028-ABB0-4F00-812E-DDB99C67665C}.Debug|Any CPU.ActiveCfg = Debug|Any CPU
		{CB6C9028-ABB0-4F00-812E-DDB99C67665C}.Debug|Any CPU.Build.0 = Debug|Any CPU
		{CB6C9028-ABB0-4F00-812E-DDB99C67665C}.Release|Any CPU.ActiveCfg = Release|Any CPU
		{CB6C9028-ABB0-4F00-812E-DDB99C67665C}.Release|Any CPU.Build.0 = Release|Any CPU
	EndGlobalSection
	GlobalSection(SolutionProperties) = preSolution
		HideSolutionNode = FALSE
	EndGlobalSection
	GlobalSection(ExtensibilityGlobals) = postSolution
		SolutionGuid = {28132FA4-1835-4F1A-B344-F3F11F821030}
	EndGlobalSection
EndGlobal
