
Microsoft Visual Studio Solution File, Format Version 12.00
# Visual Studio Version 16
VisualStudioVersion = 16.0.30413.136
MinimumVisualStudioVersion = 10.0.40219.1
Project("{9A19103F-16F7-4668-BE54-9A1E7A4F7556}") = "SEDC.NotesApp", "SEDC.NotesApp\SEDC.NotesApp.csproj", "{2C18C1E9-1997-43D6-A3CA-EF0D0F7DBEE6}"
EndProject
Project("{9A19103F-16F7-4668-BE54-9A1E7A4F7556}") = "SEDC.NotesApp.Domain", "SEDC.NotesApp.Domain\SEDC.NotesApp.Domain.csproj", "{1E6627AC-A73E-496F-8256-4C35B010302B}"
EndProject
Project("{9A19103F-16F7-4668-BE54-9A1E7A4F7556}") = "SEDC.NotesApp.DataAccess", "SEDC.NotesApp.DataAccess\SEDC.NotesApp.DataAccess.csproj", "{4A00664E-61BF-4648-B547-89CB2DFB0089}"
EndProject
Project("{9A19103F-16F7-4668-BE54-9A1E7A4F7556}") = "SEDC.NotesApp.Helpers", "SEDC.NotesApp.Helpers\SEDC.NotesApp.Helpers.csproj", "{6CCBA724-4141-4584-B552-2A454CDD54A8}"
EndProject
Project("{FAE04EC0-301F-11D3-BF4B-00C04F79EFBC}") = "SEDC.NotesApp.Services", "SEDC.NotesApp.Services\SEDC.NotesApp.Services.csproj", "{99873EEB-996F-44DC-8D45-9D92ECCFD195}"
EndProject
Global
	GlobalSection(SolutionConfigurationPlatforms) = preSolution
		Debug|Any CPU = Debug|Any CPU
		Release|Any CPU = Release|Any CPU
	EndGlobalSection
	GlobalSection(ProjectConfigurationPlatforms) = postSolution
		{2C18C1E9-1997-43D6-A3CA-EF0D0F7DBEE6}.Debug|Any CPU.ActiveCfg = Debug|Any CPU
		{2C18C1E9-1997-43D6-A3CA-EF0D0F7DBEE6}.Debug|Any CPU.Build.0 = Debug|Any CPU
		{2C18C1E9-1997-43D6-A3CA-EF0D0F7DBEE6}.Release|Any CPU.ActiveCfg = Release|Any CPU
		{2C18C1E9-1997-43D6-A3CA-EF0D0F7DBEE6}.Release|Any CPU.Build.0 = Release|Any CPU
		{1E6627AC-A73E-496F-8256-4C35B010302B}.Debug|Any CPU.ActiveCfg = Debug|Any CPU
		{1E6627AC-A73E-496F-8256-4C35B010302B}.Debug|Any CPU.Build.0 = Debug|Any CPU
		{1E6627AC-A73E-496F-8256-4C35B010302B}.Release|Any CPU.ActiveCfg = Release|Any CPU
		{1E6627AC-A73E-496F-8256-4C35B010302B}.Release|Any CPU.Build.0 = Release|Any CPU
		{4A00664E-61BF-4648-B547-89CB2DFB0089}.Debug|Any CPU.ActiveCfg = Debug|Any CPU
		{4A00664E-61BF-4648-B547-89CB2DFB0089}.Debug|Any CPU.Build.0 = Debug|Any CPU
		{4A00664E-61BF-4648-B547-89CB2DFB0089}.Release|Any CPU.ActiveCfg = Release|Any CPU
		{4A00664E-61BF-4648-B547-89CB2DFB0089}.Release|Any CPU.Build.0 = Release|Any CPU
		{6CCBA724-4141-4584-B552-2A454CDD54A8}.Debug|Any CPU.ActiveCfg = Debug|Any CPU
		{6CCBA724-4141-4584-B552-2A454CDD54A8}.Debug|Any CPU.Build.0 = Debug|Any CPU
		{6CCBA724-4141-4584-B552-2A454CDD54A8}.Release|Any CPU.ActiveCfg = Release|Any CPU
		{6CCBA724-4141-4584-B552-2A454CDD54A8}.Release|Any CPU.Build.0 = Release|Any CPU
		{99873EEB-996F-44DC-8D45-9D92ECCFD195}.Debug|Any CPU.ActiveCfg = Debug|Any CPU
		{99873EEB-996F-44DC-8D45-9D92ECCFD195}.Debug|Any CPU.Build.0 = Debug|Any CPU
		{99873EEB-996F-44DC-8D45-9D92ECCFD195}.Release|Any CPU.ActiveCfg = Release|Any CPU
		{99873EEB-996F-44DC-8D45-9D92ECCFD195}.Release|Any CPU.Build.0 = Release|Any CPU
	EndGlobalSection
	GlobalSection(SolutionProperties) = preSolution
		HideSolutionNode = FALSE
	EndGlobalSection
	GlobalSection(ExtensibilityGlobals) = postSolution
		SolutionGuid = {9D2723C4-2767-4E61-9F31-36E9A17F74B3}
	EndGlobalSection
EndGlobal
