
Microsoft Visual Studio Solution File, Format Version 12.00
# Visual Studio Version 16
VisualStudioVersion = 16.0.30517.126
MinimumVisualStudioVersion = 10.0.40219.1
Project("{9A19103F-16F7-4668-BE54-9A1E7A4F7556}") = "SEDC.NoteApp.Api", "SEDC.NoteApp.Api\SEDC.NoteApp.Api.csproj", "{9E5F0472-CEC6-4CEC-9987-9B68AB9C55E4}"
EndProject
Project("{9A19103F-16F7-4668-BE54-9A1E7A4F7556}") = "SEDC.NoteApp.DataModels", "SEDC.NoteApp.DataModels\SEDC.NoteApp.DataModels.csproj", "{B4577553-F1C8-49ED-A69D-CD227CE64B88}"
EndProject
Project("{9A19103F-16F7-4668-BE54-9A1E7A4F7556}") = "SEDC.NoteApp.DataAccess", "SEDC.NoteApp.DataAccess\SEDC.NoteApp.DataAccess.csproj", "{409AA7C5-EAEA-4541-95E6-9F58BFA43EEA}"
EndProject
Project("{9A19103F-16F7-4668-BE54-9A1E7A4F7556}") = "SEDC.NoteApp.Services", "SEDC.NoteApp.Services\SEDC.NoteApp.Services.csproj", "{8769285B-7C77-4845-9FDA-B41240EF1982}"
EndProject
Project("{9A19103F-16F7-4668-BE54-9A1E7A4F7556}") = "SEDC.NoteApp.Models", "SEDC.NoteApp.Models\SEDC.NoteApp.Models.csproj", "{F100E0FE-DD1E-4A24-8A8E-0A4E6F48A5AD}"
EndProject
Global
	GlobalSection(SolutionConfigurationPlatforms) = preSolution
		Debug|Any CPU = Debug|Any CPU
		Release|Any CPU = Release|Any CPU
	EndGlobalSection
	GlobalSection(ProjectConfigurationPlatforms) = postSolution
		{9E5F0472-CEC6-4CEC-9987-9B68AB9C55E4}.Debug|Any CPU.ActiveCfg = Debug|Any CPU
		{9E5F0472-CEC6-4CEC-9987-9B68AB9C55E4}.Debug|Any CPU.Build.0 = Debug|Any CPU
		{9E5F0472-CEC6-4CEC-9987-9B68AB9C55E4}.Release|Any CPU.ActiveCfg = Release|Any CPU
		{9E5F0472-CEC6-4CEC-9987-9B68AB9C55E4}.Release|Any CPU.Build.0 = Release|Any CPU
		{B4577553-F1C8-49ED-A69D-CD227CE64B88}.Debug|Any CPU.ActiveCfg = Debug|Any CPU
		{B4577553-F1C8-49ED-A69D-CD227CE64B88}.Debug|Any CPU.Build.0 = Debug|Any CPU
		{B4577553-F1C8-49ED-A69D-CD227CE64B88}.Release|Any CPU.ActiveCfg = Release|Any CPU
		{B4577553-F1C8-49ED-A69D-CD227CE64B88}.Release|Any CPU.Build.0 = Release|Any CPU
		{409AA7C5-EAEA-4541-95E6-9F58BFA43EEA}.Debug|Any CPU.ActiveCfg = Debug|Any CPU
		{409AA7C5-EAEA-4541-95E6-9F58BFA43EEA}.Debug|Any CPU.Build.0 = Debug|Any CPU
		{409AA7C5-EAEA-4541-95E6-9F58BFA43EEA}.Release|Any CPU.ActiveCfg = Release|Any CPU
		{409AA7C5-EAEA-4541-95E6-9F58BFA43EEA}.Release|Any CPU.Build.0 = Release|Any CPU
		{8769285B-7C77-4845-9FDA-B41240EF1982}.Debug|Any CPU.ActiveCfg = Debug|Any CPU
		{8769285B-7C77-4845-9FDA-B41240EF1982}.Debug|Any CPU.Build.0 = Debug|Any CPU
		{8769285B-7C77-4845-9FDA-B41240EF1982}.Release|Any CPU.ActiveCfg = Release|Any CPU
		{8769285B-7C77-4845-9FDA-B41240EF1982}.Release|Any CPU.Build.0 = Release|Any CPU
		{F100E0FE-DD1E-4A24-8A8E-0A4E6F48A5AD}.Debug|Any CPU.ActiveCfg = Debug|Any CPU
		{F100E0FE-DD1E-4A24-8A8E-0A4E6F48A5AD}.Debug|Any CPU.Build.0 = Debug|Any CPU
		{F100E0FE-DD1E-4A24-8A8E-0A4E6F48A5AD}.Release|Any CPU.ActiveCfg = Release|Any CPU
		{F100E0FE-DD1E-4A24-8A8E-0A4E6F48A5AD}.Release|Any CPU.Build.0 = Release|Any CPU
	EndGlobalSection
	GlobalSection(SolutionProperties) = preSolution
		HideSolutionNode = FALSE
	EndGlobalSection
	GlobalSection(ExtensibilityGlobals) = postSolution
		SolutionGuid = {0AD12E37-F447-48BC-BBD8-63E3D7FCD56A}
	EndGlobalSection
EndGlobal
