
Microsoft Visual Studio Solution File, Format Version 12.00
# Visual Studio Version 16
VisualStudioVersion = 16.0.30413.136
MinimumVisualStudioVersion = 10.0.40219.1
Project("{FAE04EC0-301F-11D3-BF4B-00C04F79EFBC}") = "SEDC.NotesApp", "SEDC.NotesApp\SEDC.NotesApp.csproj", "{89ABAE13-196B-41FC-B0C9-7FB2FF0FB3EA}"
EndProject
Project("{FAE04EC0-301F-11D3-BF4B-00C04F79EFBC}") = "SEDC.NotesApp.Domain", "SEDC.NotesApp.Domain\SEDC.NotesApp.Domain.csproj", "{9927FA90-5348-4A1C-BEA1-584970B73B9D}"
EndProject
Project("{FAE04EC0-301F-11D3-BF4B-00C04F79EFBC}") = "SEDC.NotesApp.DataAccess", "SEDC.NotesApp.DataAccess\SEDC.NotesApp.DataAccess.csproj", "{BB523F3C-26BE-4003-BD8F-DA1418629A86}"
EndProject
Project("{FAE04EC0-301F-11D3-BF4B-00C04F79EFBC}") = "SEDC.NotesApp.Helpers", "SEDC.NotesApp.Helpers\SEDC.NotesApp.Helpers.csproj", "{A0C376F7-947E-4DCD-AAD8-210F82DCED8F}"
EndProject
Global
	GlobalSection(SolutionConfigurationPlatforms) = preSolution
		Debug|Any CPU = Debug|Any CPU
		Release|Any CPU = Release|Any CPU
	EndGlobalSection
	GlobalSection(ProjectConfigurationPlatforms) = postSolution
		{89ABAE13-196B-41FC-B0C9-7FB2FF0FB3EA}.Debug|Any CPU.ActiveCfg = Debug|Any CPU
		{89ABAE13-196B-41FC-B0C9-7FB2FF0FB3EA}.Debug|Any CPU.Build.0 = Debug|Any CPU
		{89ABAE13-196B-41FC-B0C9-7FB2FF0FB3EA}.Release|Any CPU.ActiveCfg = Release|Any CPU
		{89ABAE13-196B-41FC-B0C9-7FB2FF0FB3EA}.Release|Any CPU.Build.0 = Release|Any CPU
		{9927FA90-5348-4A1C-BEA1-584970B73B9D}.Debug|Any CPU.ActiveCfg = Debug|Any CPU
		{9927FA90-5348-4A1C-BEA1-584970B73B9D}.Debug|Any CPU.Build.0 = Debug|Any CPU
		{9927FA90-5348-4A1C-BEA1-584970B73B9D}.Release|Any CPU.ActiveCfg = Release|Any CPU
		{9927FA90-5348-4A1C-BEA1-584970B73B9D}.Release|Any CPU.Build.0 = Release|Any CPU
		{BB523F3C-26BE-4003-BD8F-DA1418629A86}.Debug|Any CPU.ActiveCfg = Debug|Any CPU
		{BB523F3C-26BE-4003-BD8F-DA1418629A86}.Debug|Any CPU.Build.0 = Debug|Any CPU
		{BB523F3C-26BE-4003-BD8F-DA1418629A86}.Release|Any CPU.ActiveCfg = Release|Any CPU
		{BB523F3C-26BE-4003-BD8F-DA1418629A86}.Release|Any CPU.Build.0 = Release|Any CPU
		{A0C376F7-947E-4DCD-AAD8-210F82DCED8F}.Debug|Any CPU.ActiveCfg = Debug|Any CPU
		{A0C376F7-947E-4DCD-AAD8-210F82DCED8F}.Debug|Any CPU.Build.0 = Debug|Any CPU
		{A0C376F7-947E-4DCD-AAD8-210F82DCED8F}.Release|Any CPU.ActiveCfg = Release|Any CPU
		{A0C376F7-947E-4DCD-AAD8-210F82DCED8F}.Release|Any CPU.Build.0 = Release|Any CPU
	EndGlobalSection
	GlobalSection(SolutionProperties) = preSolution
		HideSolutionNode = FALSE
	EndGlobalSection
	GlobalSection(ExtensibilityGlobals) = postSolution
		SolutionGuid = {30A1D646-E5DF-4CA1-BB29-935158131C9A}
	EndGlobalSection
EndGlobal
