
Microsoft Visual Studio Solution File, Format Version 12.00
# Visual Studio Version 16
VisualStudioVersion = 16.0.30413.136
MinimumVisualStudioVersion = 10.0.40219.1
Project("{FAE04EC0-301F-11D3-BF4B-00C04F79EFBC}") = "SEDC.WebApiDemo", "SEDC.WebApiDemo\SEDC.WebApiDemo.csproj", "{7C017E66-1DDE-4914-BF7F-B4516BC33D98}"
EndProject
Global
	GlobalSection(SolutionConfigurationPlatforms) = preSolution
		Debug|Any CPU = Debug|Any CPU
		Release|Any CPU = Release|Any CPU
	EndGlobalSection
	GlobalSection(ProjectConfigurationPlatforms) = postSolution
		{7C017E66-1DDE-4914-BF7F-B4516BC33D98}.Debug|Any CPU.ActiveCfg = Debug|Any CPU
		{7C017E66-1DDE-4914-BF7F-B4516BC33D98}.Debug|Any CPU.Build.0 = Debug|Any CPU
		{7C017E66-1DDE-4914-BF7F-B4516BC33D98}.Release|Any CPU.ActiveCfg = Release|Any CPU
		{7C017E66-1DDE-4914-BF7F-B4516BC33D98}.Release|Any CPU.Build.0 = Release|Any CPU
	EndGlobalSection
	GlobalSection(SolutionProperties) = preSolution
		HideSolutionNode = FALSE
	EndGlobalSection
	GlobalSection(ExtensibilityGlobals) = postSolution
		SolutionGuid = {497853C6-6A7C-40AB-80CA-EAC5F501D638}
	EndGlobalSection
EndGlobal
