
Microsoft Visual Studio Solution File, Format Version 12.00
# Visual Studio Version 16
VisualStudioVersion = 16.0.30320.27
MinimumVisualStudioVersion = 10.0.40219.1
Project("{FAE04EC0-301F-11D3-BF4B-00C04F79EFBC}") = "LoginJwt", "LoginJwt\LoginJwt.csproj", "{FEB7CD49-79A1-4244-8C92-6D0792910BB1}"
EndProject
Project("{FAE04EC0-301F-11D3-BF4B-00C04F79EFBC}") = "ViewModels", "ViewModels\ViewModels.csproj", "{C6EBDE35-7E97-416C-82DB-CF412D003A20}"
EndProject
Global
	GlobalSection(SolutionConfigurationPlatforms) = preSolution
		Debug|Any CPU = Debug|Any CPU
		Release|Any CPU = Release|Any CPU
	EndGlobalSection
	GlobalSection(ProjectConfigurationPlatforms) = postSolution
		{FEB7CD49-79A1-4244-8C92-6D0792910BB1}.Debug|Any CPU.ActiveCfg = Debug|Any CPU
		{FEB7CD49-79A1-4244-8C92-6D0792910BB1}.Debug|Any CPU.Build.0 = Debug|Any CPU
		{FEB7CD49-79A1-4244-8C92-6D0792910BB1}.Release|Any CPU.ActiveCfg = Release|Any CPU
		{FEB7CD49-79A1-4244-8C92-6D0792910BB1}.Release|Any CPU.Build.0 = Release|Any CPU
		{C6EBDE35-7E97-416C-82DB-CF412D003A20}.Debug|Any CPU.ActiveCfg = Debug|Any CPU
		{C6EBDE35-7E97-416C-82DB-CF412D003A20}.Debug|Any CPU.Build.0 = Debug|Any CPU
		{C6EBDE35-7E97-416C-82DB-CF412D003A20}.Release|Any CPU.ActiveCfg = Release|Any CPU
		{C6EBDE35-7E97-416C-82DB-CF412D003A20}.Release|Any CPU.Build.0 = Release|Any CPU
	EndGlobalSection
	GlobalSection(SolutionProperties) = preSolution
		HideSolutionNode = FALSE
	EndGlobalSection
	GlobalSection(ExtensibilityGlobals) = postSolution
		SolutionGuid = {28132FA4-1835-4F1A-B344-F3F11F821030}
	EndGlobalSection
EndGlobal
