
Microsoft Visual Studio Solution File, Format Version 12.00
# Visual Studio Version 16
VisualStudioVersion = 16.0.30413.136
MinimumVisualStudioVersion = 10.0.40219.1
Project("{FAE04EC0-301F-11D3-BF4B-00C04F79EFBC}") = "SEDC.NotesApp", "SEDC.NotesApp.csproj", "{86FA6E6E-0A9C-4DAF-86B9-AC9305D35D7E}"
EndProject
Global
	GlobalSection(SolutionConfigurationPlatforms) = preSolution
		Debug|Any CPU = Debug|Any CPU
		Release|Any CPU = Release|Any CPU
	EndGlobalSection
	GlobalSection(ProjectConfigurationPlatforms) = postSolution
		{86FA6E6E-0A9C-4DAF-86B9-AC9305D35D7E}.Debug|Any CPU.ActiveCfg = Debug|Any CPU
		{86FA6E6E-0A9C-4DAF-86B9-AC9305D35D7E}.Debug|Any CPU.Build.0 = Debug|Any CPU
		{86FA6E6E-0A9C-4DAF-86B9-AC9305D35D7E}.Release|Any CPU.ActiveCfg = Release|Any CPU
		{86FA6E6E-0A9C-4DAF-86B9-AC9305D35D7E}.Release|Any CPU.Build.0 = Release|Any CPU
	EndGlobalSection
	GlobalSection(SolutionProperties) = preSolution
		HideSolutionNode = FALSE
	EndGlobalSection
	GlobalSection(ExtensibilityGlobals) = postSolution
		SolutionGuid = {DDD62E43-3BAB-4600-9586-369F3BAEF3A8}
	EndGlobalSection
EndGlobal
