
Microsoft Visual Studio Solution File, Format Version 12.00
# Visual Studio Version 16
VisualStudioVersion = 16.0.30517.126
MinimumVisualStudioVersion = 10.0.40219.1
Project("{FAE04EC0-301F-11D3-BF4B-00C04F79EFBC}") = "WebApiSwaggerImplementation", "WebApiSwaggerImplementation\WebApiSwaggerImplementation.csproj", "{17471F4E-03DF-4088-A7FE-1306D94F673E}"
EndProject
Global
	GlobalSection(SolutionConfigurationPlatforms) = preSolution
		Debug|Any CPU = Debug|Any CPU
		Release|Any CPU = Release|Any CPU
	EndGlobalSection
	GlobalSection(ProjectConfigurationPlatforms) = postSolution
		{17471F4E-03DF-4088-A7FE-1306D94F673E}.Debug|Any CPU.ActiveCfg = Debug|Any CPU
		{17471F4E-03DF-4088-A7FE-1306D94F673E}.Debug|Any CPU.Build.0 = Debug|Any CPU
		{17471F4E-03DF-4088-A7FE-1306D94F673E}.Release|Any CPU.ActiveCfg = Release|Any CPU
		{17471F4E-03DF-4088-A7FE-1306D94F673E}.Release|Any CPU.Build.0 = Release|Any CPU
	EndGlobalSection
	GlobalSection(SolutionProperties) = preSolution
		HideSolutionNode = FALSE
	EndGlobalSection
	GlobalSection(ExtensibilityGlobals) = postSolution
		SolutionGuid = {1599CE9C-91FE-49ED-BE80-C9DF2510064C}
	EndGlobalSection
EndGlobal
