
Microsoft Visual Studio Solution File, Format Version 12.00
# Visual Studio Version 16
VisualStudioVersion = 16.0.30517.126
MinimumVisualStudioVersion = 10.0.40219.1
Project("{FAE04EC0-301F-11D3-BF4B-00C04F79EFBC}") = "SEDC.WebApi.Class03.Api", "SEDC.WebApi.Class03.Api\SEDC.WebApi.Class03.Api.csproj", "{EC42EE86-D688-4145-84BB-6F16DBC2AA72}"
EndProject
Global
	GlobalSection(SolutionConfigurationPlatforms) = preSolution
		Debug|Any CPU = Debug|Any CPU
		Release|Any CPU = Release|Any CPU
	EndGlobalSection
	GlobalSection(ProjectConfigurationPlatforms) = postSolution
		{EC42EE86-D688-4145-84BB-6F16DBC2AA72}.Debug|Any CPU.ActiveCfg = Debug|Any CPU
		{EC42EE86-D688-4145-84BB-6F16DBC2AA72}.Debug|Any CPU.Build.0 = Debug|Any CPU
		{EC42EE86-D688-4145-84BB-6F16DBC2AA72}.Release|Any CPU.ActiveCfg = Release|Any CPU
		{EC42EE86-D688-4145-84BB-6F16DBC2AA72}.Release|Any CPU.Build.0 = Release|Any CPU
	EndGlobalSection
	GlobalSection(SolutionProperties) = preSolution
		HideSolutionNode = FALSE
	EndGlobalSection
	GlobalSection(ExtensibilityGlobals) = postSolution
		SolutionGuid = {CBA95F4B-A5AB-4C06-8B61-E1875DFCFD83}
	EndGlobalSection
EndGlobal
